
Microsoft Visual Studio Solution File, Format Version 12.00
# Visual Studio Version 17
VisualStudioVersion = 17.7.34202.233
MinimumVisualStudioVersion = 10.0.40219.1
Project("{FAE04EC0-301F-11D3-BF4B-00C04F79EFBC}") = "program", "program\program.csproj", "{A58384D7-9E73-4BFA-B74B-E1A80FD669BC}"
EndProject
Global
	GlobalSection(SolutionConfigurationPlatforms) = preSolution
		Debug|Any CPU = Debug|Any CPU
		Release|Any CPU = Release|Any CPU
	EndGlobalSection
	GlobalSection(ProjectConfigurationPlatforms) = postSolution
		{A58384D7-9E73-4BFA-B74B-E1A80FD669BC}.Debug|Any CPU.ActiveCfg = Debug|Any CPU
		{A58384D7-9E73-4BFA-B74B-E1A80FD669BC}.Debug|Any CPU.Build.0 = Debug|Any CPU
		{A58384D7-9E73-4BFA-B74B-E1A80FD669BC}.Release|Any CPU.ActiveCfg = Release|Any CPU
		{A58384D7-9E73-4BFA-B74B-E1A80FD669BC}.Release|Any CPU.Build.0 = Release|Any CPU
	EndGlobalSection
	GlobalSection(SolutionProperties) = preSolution
		HideSolutionNode = FALSE
	EndGlobalSection
	GlobalSection(ExtensibilityGlobals) = postSolution
		SolutionGuid = {E0F42A78-3A76-43C4-842A-67B02A1DAE45}
	EndGlobalSection
EndGlobal
