
Microsoft Visual Studio Solution File, Format Version 12.00
# Visual Studio Version 17
VisualStudioVersion = 17.7.34202.233
MinimumVisualStudioVersion = 10.0.40219.1
Project("{FAE04EC0-301F-11D3-BF4B-00C04F79EFBC}") = "Task1_Milestone3", "Task1_Milestone3\Task1_Milestone3.csproj", "{8E8669BA-0600-429E-A1AE-8D1E9AAB2969}"
EndProject
Global
	GlobalSection(SolutionConfigurationPlatforms) = preSolution
		Debug|Any CPU = Debug|Any CPU
		Release|Any CPU = Release|Any CPU
	EndGlobalSection
	GlobalSection(ProjectConfigurationPlatforms) = postSolution
		{8E8669BA-0600-429E-A1AE-8D1E9AAB2969}.Debug|Any CPU.ActiveCfg = Debug|Any CPU
		{8E8669BA-0600-429E-A1AE-8D1E9AAB2969}.Debug|Any CPU.Build.0 = Debug|Any CPU
		{8E8669BA-0600-429E-A1AE-8D1E9AAB2969}.Release|Any CPU.ActiveCfg = Release|Any CPU
		{8E8669BA-0600-429E-A1AE-8D1E9AAB2969}.Release|Any CPU.Build.0 = Release|Any CPU
	EndGlobalSection
	GlobalSection(SolutionProperties) = preSolution
		HideSolutionNode = FALSE
	EndGlobalSection
	GlobalSection(ExtensibilityGlobals) = postSolution
		SolutionGuid = {47DE07BC-4DF6-40AB-9F12-EA3BE2559E3F}
	EndGlobalSection
EndGlobal
